// !$*UTF8*$!
{
	archiveVersion = 1;
	classes = {
	};
	objectVersion = 46;
	objects = {

/* Begin PBXBuildFile section */
		117287521C9F18880052527B /* AppDelegate.swift in Sources */ = {isa = PBXBuildFile; fileRef = 117287511C9F18880052527B /* AppDelegate.swift */; };
		117287541C9F18880052527B /* ViewController.swift in Sources */ = {isa = PBXBuildFile; fileRef = 117287531C9F18880052527B /* ViewController.swift */; };
		117287571C9F18890052527B /* Main.storyboard in Resources */ = {isa = PBXBuildFile; fileRef = 117287551C9F18880052527B /* Main.storyboard */; };
		117287591C9F18890052527B /* Assets.xcassets in Resources */ = {isa = PBXBuildFile; fileRef = 117287581C9F18890052527B /* Assets.xcassets */; };
		1172875C1C9F18890052527B /* LaunchScreen.storyboard in Resources */ = {isa = PBXBuildFile; fileRef = 1172875A1C9F18890052527B /* LaunchScreen.storyboard */; };
		117287661C9F19270052527B /* PlaceholderUITextView.xib in Resources */ = {isa = PBXBuildFile; fileRef = 117287631C9F19270052527B /* PlaceholderUITextView.xib */; };
		117287681C9F19270052527B /* PlaceholderUITextView.swift in Sources */ = {isa = PBXBuildFile; fileRef = 117287651C9F19270052527B /* PlaceholderUITextView.swift */; };
/* End PBXBuildFile section */

/* Begin PBXFileReference section */
		1172874E1C9F18880052527B /* UITextViewPlaceholder.app */ = {isa = PBXFileReference; explicitFileType = wrapper.application; includeInIndex = 0; path = UITextViewPlaceholder.app; sourceTree = BUILT_PRODUCTS_DIR; };
		117287511C9F18880052527B /* AppDelegate.swift */ = {isa = PBXFileReference; lastKnownFileType = sourcecode.swift; path = AppDelegate.swift; sourceTree = "<group>"; };
		117287531C9F18880052527B /* ViewController.swift */ = {isa = PBXFileReference; lastKnownFileType = sourcecode.swift; path = ViewController.swift; sourceTree = "<group>"; };
		117287561C9F18880052527B /* Base */ = {isa = PBXFileReference; lastKnownFileType = file.storyboard; name = Base; path = Base.lproj/Main.storyboard; sourceTree = "<group>"; };
		117287581C9F18890052527B /* Assets.xcassets */ = {isa = PBXFileReference; lastKnownFileType = folder.assetcatalog; path = Assets.xcassets; sourceTree = "<group>"; };
		1172875B1C9F18890052527B /* Base */ = {isa = PBXFileReference; lastKnownFileType = file.storyboard; name = Base; path = Base.lproj/LaunchScreen.storyboard; sourceTree = "<group>"; };
		1172875D1C9F18890052527B /* Info.plist */ = {isa = PBXFileReference; lastKnownFileType = text.plist.xml; path = Info.plist; sourceTree = "<group>"; };
		117287631C9F19270052527B /* PlaceholderUITextView.xib */ = {isa = PBXFileReference; fileEncoding = 4; lastKnownFileType = file.xib; path = PlaceholderUITextView.xib; sourceTree = "<group>"; };
		117287651C9F19270052527B /* PlaceholderUITextView.swift */ = {isa = PBXFileReference; fileEncoding = 4; lastKnownFileType = sourcecode.swift; path = PlaceholderUITextView.swift; sourceTree = "<group>"; };
/* End PBXFileReference section */

/* Begin PBXFrameworksBuildPhase section */
		1172874B1C9F18880052527B /* Frameworks */ = {
			isa = PBXFrameworksBuildPhase;
			buildActionMask = 2147483647;
			files = (
			);
			runOnlyForDeploymentPostprocessing = 0;
		};
/* End PBXFrameworksBuildPhase section */

/* Begin PBXGroup section */
		117287451C9F18880052527B = {
			isa = PBXGroup;
			children = (
				117287501C9F18880052527B /* UITextViewPlaceholder */,
				1172874F1C9F18880052527B /* Products */,
			);
			sourceTree = "<group>";
		};
		1172874F1C9F18880052527B /* Products */ = {
			isa = PBXGroup;
			children = (
				1172874E1C9F18880052527B /* UITextViewPlaceholder.app */,
			);
			name = Products;
			sourceTree = "<group>";
		};
		117287501C9F18880052527B /* UITextViewPlaceholder */ = {
			isa = PBXGroup;
			children = (
				117287511C9F18880052527B /* AppDelegate.swift */,
				117287531C9F18880052527B /* ViewController.swift */,
				117287551C9F18880052527B /* Main.storyboard */,
				117287691C9F9F670052527B /* PlaceholderView */,
				117287581C9F18890052527B /* Assets.xcassets */,
				1172875A1C9F18890052527B /* LaunchScreen.storyboard */,
				1172875D1C9F18890052527B /* Info.plist */,
			);
			path = UITextViewPlaceholder;
			sourceTree = "<group>";
		};
		117287691C9F9F670052527B /* PlaceholderView */ = {
			isa = PBXGroup;
			children = (
				117287631C9F19270052527B /* PlaceholderUITextView.xib */,
				117287651C9F19270052527B /* PlaceholderUITextView.swift */,
			);
			name = PlaceholderView;
			sourceTree = "<group>";
		};
/* End PBXGroup section */

/* Begin PBXNativeTarget section */
		1172874D1C9F18880052527B /* UITextViewPlaceholder */ = {
			isa = PBXNativeTarget;
			buildConfigurationList = 117287601C9F18890052527B /* Build configuration list for PBXNativeTarget "UITextViewPlaceholder" */;
			buildPhases = (
				1172874A1C9F18880052527B /* Sources */,
				1172874B1C9F18880052527B /* Frameworks */,
				1172874C1C9F18880052527B /* Resources */,
			);
			buildRules = (
			);
			dependencies = (
			);
			name = UITextViewPlaceholder;
			productName = UITextViewPlaceholder;
			productReference = 1172874E1C9F18880052527B /* UITextViewPlaceholder.app */;
			productType = "com.apple.product-type.application";
		};
/* End PBXNativeTarget section */

/* Begin PBXProject section */
		117287461C9F18880052527B /* Project object */ = {
			isa = PBXProject;
			attributes = {
				LastSwiftUpdateCheck = 0720;
				LastUpgradeCheck = 0720;
				ORGANIZATIONNAME = LawrenceM;
				TargetAttributes = {
					1172874D1C9F18880052527B = {
						CreatedOnToolsVersion = 7.2.1;
						LastSwiftMigration = 0830;
					};
				};
			};
			buildConfigurationList = 117287491C9F18880052527B /* Build configuration list for PBXProject "UITextViewPlaceholder" */;
			compatibilityVersion = "Xcode 3.2";
			developmentRegion = English;
			hasScannedForEncodings = 0;
			knownRegions = (
				en,
				Base,
			);
			mainGroup = 117287451C9F18880052527B;
			productRefGroup = 1172874F1C9F18880052527B /* Products */;
			projectDirPath = "";
			projectRoot = "";
			targets = (
				1172874D1C9F18880052527B /* UITextViewPlaceholder */,
			);
		};
/* End PBXProject section */

/* Begin PBXResourcesBuildPhase section */
		1172874C1C9F18880052527B /* Resources */ = {
			isa = PBXResourcesBuildPhase;
			buildActionMask = 2147483647;
			files = (
				1172875C1C9F18890052527B /* LaunchScreen.storyboard in Resources */,
				117287591C9F18890052527B /* Assets.xcassets in Resources */,
				117287571C9F18890052527B /* Main.storyboard in Resources */,
				117287661C9F19270052527B /* PlaceholderUITextView.xib in Resources */,
			);
			runOnlyForDeploymentPostprocessing = 0;
		};
/* End PBXResourcesBuildPhase section */

/* Begin PBXSourcesBuildPhase section */
		1172874A1C9F18880052527B /* Sources */ = {
			isa = PBXSourcesBuildPhase;
			buildActionMask = 2147483647;
			files = (
				117287541C9F18880052527B /* ViewController.swift in Sources */,
				117287521C9F18880052527B /* AppDelegate.swift in Sources */,
				117287681C9F19270052527B /* PlaceholderUITextView.swift in Sources */,
			);
			runOnlyForDeploymentPostprocessing = 0;
		};
/* End PBXSourcesBuildPhase section */

/* Begin PBXVariantGroup section */
		117287551C9F18880052527B /* Main.storyboard */ = {
			isa = PBXVariantGroup;
			children = (
				117287561C9F18880052527B /* Base */,
			);
			name = Main.storyboard;
			sourceTree = "<group>";
		};
		1172875A1C9F18890052527B /* LaunchScreen.storyboard */ = {
			isa = PBXVariantGroup;
			children = (
				1172875B1C9F18890052527B /* Base */,
			);
			name = LaunchScreen.storyboard;
			sourceTree = "<group>";
		};
/* End PBXVariantGroup section */

/* Begin XCBuildConfiguration section */
		1172875E1C9F18890052527B /* Debug */ = {
			isa = XCBuildConfiguration;
			buildSettings = {
				ALWAYS_SEARCH_USER_PATHS = NO;
				CLANG_CXX_LANGUAGE_STANDARD = "gnu++0x";
				CLANG_CXX_LIBRARY = "libc++";
				CLANG_ENABLE_MODULES = YES;
				CLANG_ENABLE_OBJC_ARC = YES;
				CLANG_WARN_BOOL_CONVERSION = YES;
				CLANG_WARN_CONSTANT_CONVERSION = YES;
				CLANG_WARN_DIRECT_OBJC_ISA_USAGE = YES_ERROR;
				CLANG_WARN_EMPTY_BODY = YES;
				CLANG_WARN_ENUM_CONVERSION = YES;
				CLANG_WARN_INT_CONVERSION = YES;
				CLANG_WARN_OBJC_ROOT_CLASS = YES_ERROR;
				CLANG_WARN_UNREACHABLE_CODE = YES;
				CLANG_WARN__DUPLICATE_METHOD_MATCH = YES;
				"CODE_SIGN_IDENTITY[sdk=iphoneos*]" = "iPhone Developer";
				COPY_PHASE_STRIP = NO;
				DEBUG_INFORMATION_FORMAT = dwarf;
				ENABLE_STRICT_OBJC_MSGSEND = YES;
				ENABLE_TESTABILITY = YES;
				GCC_C_LANGUAGE_STANDARD = gnu99;
				GCC_DYNAMIC_NO_PIC = NO;
				GCC_NO_COMMON_BLOCKS = YES;
				GCC_OPTIMIZATION_LEVEL = 0;
				GCC_PREPROCESSOR_DEFINITIONS = (
					"DEBUG=1",
					"$(inherited)",
				);
				GCC_WARN_64_TO_32_BIT_CONVERSION = YES;
				GCC_WARN_ABOUT_RETURN_TYPE = YES_ERROR;
				GCC_WARN_UNDECLARED_SELECTOR = YES;
				GCC_WARN_UNINITIALIZED_AUTOS = YES_AGGRESSIVE;
				GCC_WARN_UNUSED_FUNCTION = YES;
				GCC_WARN_UNUSED_VARIABLE = YES;
				IPHONEOS_DEPLOYMENT_TARGET = 9.2;
				MTL_ENABLE_DEBUG_INFO = YES;
				ONLY_ACTIVE_ARCH = YES;
				SDKROOT = iphoneos;
				SWIFT_OPTIMIZATION_LEVEL = "-Onone";
				TARGETED_DEVICE_FAMILY = "1,2";
			};
			name = Debug;
		};
		1172875F1C9F18890052527B /* Release */ = {
			isa = XCBuildConfiguration;
			buildSettings = {
				ALWAYS_SEARCH_USER_PATHS = NO;
				CLANG_CXX_LANGUAGE_STANDARD = "gnu++0x";
				CLANG_CXX_LIBRARY = "libc++";
				CLANG_ENABLE_MODULES = YES;
				CLANG_ENABLE_OBJC_ARC = YES;
				CLANG_WARN_BOOL_CONVERSION = YES;
				CLANG_WARN_CONSTANT_CONVERSION = YES;
				CLANG_WARN_DIRECT_OBJC_ISA_USAGE = YES_ERROR;
				CLANG_WARN_EMPTY_BODY = YES;
				CLANG_WARN_ENUM_CONVERSION = YES;
				CLANG_WARN_INT_CONVERSION = YES;
				CLANG_WARN_OBJC_ROOT_CLASS = YES_ERROR;
				CLANG_WARN_UNREACHABLE_CODE = YES;
				CLANG_WARN__DUPLICATE_METHOD_MATCH = YES;
				"CODE_SIGN_IDENTITY[sdk=iphoneos*]" = "iPhone Developer";
				COPY_PHASE_STRIP = NO;
				DEBUG_INFORMATION_FORMAT = "dwarf-with-dsym";
				ENABLE_NS_ASSERTIONS = NO;
				ENABLE_STRICT_OBJC_MSGSEND = YES;
				GCC_C_LANGUAGE_STANDARD = gnu99;
				GCC_NO_COMMON_BLOCKS = YES;
				GCC_WARN_64_TO_32_BIT_CONVERSION = YES;
				GCC_WARN_ABOUT_RETURN_TYPE = YES_ERROR;
				GCC_WARN_UNDECLARED_SELECTOR = YES;
				GCC_WARN_UNINITIALIZED_AUTOS = YES_AGGRESSIVE;
				GCC_WARN_UNUSED_FUNCTION = YES;
				GCC_WARN_UNUSED_VARIABLE = YES;
				IPHONEOS_DEPLOYMENT_TARGET = 9.2;
				MTL_ENABLE_DEBUG_INFO = NO;
				SDKROOT = iphoneos;
				TARGETED_DEVICE_FAMILY = "1,2";
				VALIDATE_PRODUCT = YES;
			};
			name = Release;
		};
		117287611C9F18890052527B /* Debug */ = {
			isa = XCBuildConfiguration;
			buildSettings = {
				ASSETCATALOG_COMPILER_APPICON_NAME = AppIcon;
				INFOPLIST_FILE = UITextViewPlaceholder/Info.plist;
				LD_RUNPATH_SEARCH_PATHS = "$(inherited) @executable_path/Frameworks";
				PRODUCT_BUNDLE_IDENTIFIER = com.lawrencem.UITextViewPlaceholder;
				PRODUCT_NAME = "$(TARGET_NAME)";
				SWIFT_VERSION = 3.0;
			};
			name = Debug;
		};
		117287621C9F18890052527B /* Release */ = {
			isa = XCBuildConfiguration;
			buildSettings = {
				ASSETCATALOG_COMPILER_APPICON_NAME = AppIcon;
				INFOPLIST_FILE = UITextViewPlaceholder/Info.plist;
				LD_RUNPATH_SEARCH_PATHS = "$(inherited) @executable_path/Frameworks";
				PRODUCT_BUNDLE_IDENTIFIER = com.lawrencem.UITextViewPlaceholder;
				PRODUCT_NAME = "$(TARGET_NAME)";
				SWIFT_VERSION = 3.0;
			};
			name = Release;
		};
/* End XCBuildConfiguration section */

/* Begin XCConfigurationList section */
		117287491C9F18880052527B /* Build configuration list for PBXProject "UITextViewPlaceholder" */ = {
			isa = XCConfigurationList;
			buildConfigurations = (
				1172875E1C9F18890052527B /* Debug */,
				1172875F1C9F18890052527B /* Release */,
			);
			defaultConfigurationIsVisible = 0;
			defaultConfigurationName = Release;
		};
		117287601C9F18890052527B /* Build configuration list for PBXNativeTarget "UITextViewPlaceholder" */ = {
			isa = XCConfigurationList;
			buildConfigurations = (
				117287611C9F18890052527B /* Debug */,
				117287621C9F18890052527B /* Release */,
			);
			defaultConfigurationIsVisible = 0;
			defaultConfigurationName = Release;
		};
/* End XCConfigurationList section */
	};
	rootObject = 117287461C9F18880052527B /* Project object */;
}
